
Microsoft Visual Studio Solution File, Format Version 12.00
# Visual Studio 15
VisualStudioVersion = 15.0.28010.2016
MinimumVisualStudioVersion = 10.0.40219.1
Project("{FAE04EC0-301F-11D3-BF4B-00C04F79EFBC}") = "GridValidation", "GridValidation\GridValidation.csproj", "{37F7253E-CD0B-4F75-A676-1935E4937D7D}"
EndProject
Global
	GlobalSection(SolutionConfigurationPlatforms) = preSolution
		Debug|Any CPU = Debug|Any CPU
		Release|Any CPU = Release|Any CPU
	EndGlobalSection
	GlobalSection(ProjectConfigurationPlatforms) = postSolution
		{37F7253E-CD0B-4F75-A676-1935E4937D7D}.Debug|Any CPU.ActiveCfg = Debug|Any CPU
		{37F7253E-CD0B-4F75-A676-1935E4937D7D}.Debug|Any CPU.Build.0 = Debug|Any CPU
		{37F7253E-CD0B-4F75-A676-1935E4937D7D}.Release|Any CPU.ActiveCfg = Release|Any CPU
		{37F7253E-CD0B-4F75-A676-1935E4937D7D}.Release|Any CPU.Build.0 = Release|Any CPU
	EndGlobalSection
	GlobalSection(SolutionProperties) = preSolution
		HideSolutionNode = FALSE
	EndGlobalSection
	GlobalSection(ExtensibilityGlobals) = postSolution
		SolutionGuid = {FDDBF033-EB7B-4B03-8A49-60D80F53A032}
	EndGlobalSection
EndGlobal
